
Microsoft Visual Studio Solution File, Format Version 12.00
# Visual Studio Version 16
VisualStudioVersion = 16.0.29905.134
MinimumVisualStudioVersion = 10.0.40219.1
Project("{8BC9CEB8-8B4A-11D0-8D11-00A0C91BC942}") = "AuthServer", "Server\AuthServer\AuthServer.vcxproj", "{6E8EE378-A6D4-4E42-B3FD-64F5C0CF924C}"
	ProjectSection(ProjectDependencies) = postProject
		{04B8D510-B763-45D7-B13C-531BA7DCC3F4} = {04B8D510-B763-45D7-B13C-531BA7DCC3F4}
		{5CDC731A-4C57-4D49-A72A-911BA19C3C14} = {5CDC731A-4C57-4D49-A72A-911BA19C3C14}
		{6D76C448-B419-424F-AD6A-04041B1C2315} = {6D76C448-B419-424F-AD6A-04041B1C2315}
		{CA20DF85-070A-417D-BCD3-9374D4A69F5E} = {CA20DF85-070A-417D-BCD3-9374D4A69F5E}
		{9D941CAC-4183-44E3-AEC3-817C0A32D1DD} = {9D941CAC-4183-44E3-AEC3-817C0A32D1DD}
		{5229F8AE-A505-4077-B6D3-5CE0164DFE73} = {5229F8AE-A505-4077-B6D3-5CE0164DFE73}
		{F038F0B5-67C7-4DA4-8E3C-C45AB1E4B352} = {F038F0B5-67C7-4DA4-8E3C-C45AB1E4B352}
		{573EB1E4-7620-479E-8CCF-DEF06491545B} = {573EB1E4-7620-479E-8CCF-DEF06491545B}
	EndProjectSection
EndProject
Project("{8BC9CEB8-8B4A-11D0-8D11-00A0C91BC942}") = "CharServer", "Server\CharServer\CharServer.vcxproj", "{B1E9738E-DA2E-4F88-ADF5-D3B1FC7B28D5}"
	ProjectSection(ProjectDependencies) = postProject
		{04B8D510-B763-45D7-B13C-531BA7DCC3F4} = {04B8D510-B763-45D7-B13C-531BA7DCC3F4}
		{5CDC731A-4C57-4D49-A72A-911BA19C3C14} = {5CDC731A-4C57-4D49-A72A-911BA19C3C14}
		{6D76C448-B419-424F-AD6A-04041B1C2315} = {6D76C448-B419-424F-AD6A-04041B1C2315}
		{9D941CAC-4183-44E3-AEC3-817C0A32D1DD} = {9D941CAC-4183-44E3-AEC3-817C0A32D1DD}
		{5229F8AE-A505-4077-B6D3-5CE0164DFE73} = {5229F8AE-A505-4077-B6D3-5CE0164DFE73}
		{F038F0B5-67C7-4DA4-8E3C-C45AB1E4B352} = {F038F0B5-67C7-4DA4-8E3C-C45AB1E4B352}
		{5B2696C6-15EE-4D0D-8632-F209B5996F15} = {5B2696C6-15EE-4D0D-8632-F209B5996F15}
		{573EB1E4-7620-479E-8CCF-DEF06491545B} = {573EB1E4-7620-479E-8CCF-DEF06491545B}
		{9A4DC8E8-16EF-463B-8F14-77F447A782CC} = {9A4DC8E8-16EF-463B-8F14-77F447A782CC}
	EndProjectSection
EndProject
Project("{8BC9CEB8-8B4A-11D0-8D11-00A0C91BC942}") = "GameServer", "Server\GameServer\GameServer.vcxproj", "{1A199D98-9276-4827-BC18-53065B2FFEEB}"
	ProjectSection(ProjectDependencies) = postProject
		{31832309-D436-4C40-913D-87AAF73FFC99} = {31832309-D436-4C40-913D-87AAF73FFC99}
		{04B8D510-B763-45D7-B13C-531BA7DCC3F4} = {04B8D510-B763-45D7-B13C-531BA7DCC3F4}
		{9B2B6C11-764E-4D4B-8DB2-F91AC99E0B93} = {9B2B6C11-764E-4D4B-8DB2-F91AC99E0B93}
		{5CDC731A-4C57-4D49-A72A-911BA19C3C14} = {5CDC731A-4C57-4D49-A72A-911BA19C3C14}
		{F7291B35-71F2-47C4-AE77-F3C4AB3B43A0} = {F7291B35-71F2-47C4-AE77-F3C4AB3B43A0}
		{6D76C448-B419-424F-AD6A-04041B1C2315} = {6D76C448-B419-424F-AD6A-04041B1C2315}
		{AA5DBD5C-A152-4C17-AF86-476F0931F6E4} = {AA5DBD5C-A152-4C17-AF86-476F0931F6E4}
		{F402446F-1027-44E2-B78B-F50537CC3F08} = {F402446F-1027-44E2-B78B-F50537CC3F08}
		{CA20DF85-070A-417D-BCD3-9374D4A69F5E} = {CA20DF85-070A-417D-BCD3-9374D4A69F5E}
		{3BEE299B-D145-4030-81DD-D8B9ADE8B767} = {3BEE299B-D145-4030-81DD-D8B9ADE8B767}
		{9D941CAC-4183-44E3-AEC3-817C0A32D1DD} = {9D941CAC-4183-44E3-AEC3-817C0A32D1DD}
		{5229F8AE-A505-4077-B6D3-5CE0164DFE73} = {5229F8AE-A505-4077-B6D3-5CE0164DFE73}
		{F038F0B5-67C7-4DA4-8E3C-C45AB1E4B352} = {F038F0B5-67C7-4DA4-8E3C-C45AB1E4B352}
		{573EB1E4-7620-479E-8CCF-DEF06491545B} = {573EB1E4-7620-479E-8CCF-DEF06491545B}
		{9A4DC8E8-16EF-463B-8F14-77F447A782CC} = {9A4DC8E8-16EF-463B-8F14-77F447A782CC}
	EndProjectSection
EndProject
Project("{8BC9CEB8-8B4A-11D0-8D11-00A0C91BC942}") = "ChatServer", "Server\ChatServer\ChatServer.vcxproj", "{7752DF80-46EF-4F55-81CE-2A77867F5DA5}"
	ProjectSection(ProjectDependencies) = postProject
		{04B8D510-B763-45D7-B13C-531BA7DCC3F4} = {04B8D510-B763-45D7-B13C-531BA7DCC3F4}
		{5CDC731A-4C57-4D49-A72A-911BA19C3C14} = {5CDC731A-4C57-4D49-A72A-911BA19C3C14}
		{6D76C448-B419-424F-AD6A-04041B1C2315} = {6D76C448-B419-424F-AD6A-04041B1C2315}
		{AA5DBD5C-A152-4C17-AF86-476F0931F6E4} = {AA5DBD5C-A152-4C17-AF86-476F0931F6E4}
		{9D941CAC-4183-44E3-AEC3-817C0A32D1DD} = {9D941CAC-4183-44E3-AEC3-817C0A32D1DD}
		{5229F8AE-A505-4077-B6D3-5CE0164DFE73} = {5229F8AE-A505-4077-B6D3-5CE0164DFE73}
		{F038F0B5-67C7-4DA4-8E3C-C45AB1E4B352} = {F038F0B5-67C7-4DA4-8E3C-C45AB1E4B352}
		{5B2696C6-15EE-4D0D-8632-F209B5996F15} = {5B2696C6-15EE-4D0D-8632-F209B5996F15}
		{573EB1E4-7620-479E-8CCF-DEF06491545B} = {573EB1E4-7620-479E-8CCF-DEF06491545B}
		{9A4DC8E8-16EF-463B-8F14-77F447A782CC} = {9A4DC8E8-16EF-463B-8F14-77F447A782CC}
	EndProjectSection
EndProject
Project("{2150E333-8FDC-42A3-9474-1A3956D46DE8}") = "Server", "Server", "{CBDACD13-C8CA-4062-AAAB-0D699F60600A}"
EndProject
Project("{2150E333-8FDC-42A3-9474-1A3956D46DE8}") = "Server Lib", "Server Lib", "{FAFA667A-2ECD-4B25-8A24-D5027142E1FA}"
EndProject
Project("{8BC9CEB8-8B4A-11D0-8D11-00A0C91BC942}") = "QueryServer", "Server\QueryServer\QueryServer.vcxproj", "{15A09642-4E77-4DC1-8180-2A2390350F70}"
	ProjectSection(ProjectDependencies) = postProject
		{04B8D510-B763-45D7-B13C-531BA7DCC3F4} = {04B8D510-B763-45D7-B13C-531BA7DCC3F4}
		{5CDC731A-4C57-4D49-A72A-911BA19C3C14} = {5CDC731A-4C57-4D49-A72A-911BA19C3C14}
		{6D76C448-B419-424F-AD6A-04041B1C2315} = {6D76C448-B419-424F-AD6A-04041B1C2315}
		{AA5DBD5C-A152-4C17-AF86-476F0931F6E4} = {AA5DBD5C-A152-4C17-AF86-476F0931F6E4}
		{9D941CAC-4183-44E3-AEC3-817C0A32D1DD} = {9D941CAC-4183-44E3-AEC3-817C0A32D1DD}
		{5229F8AE-A505-4077-B6D3-5CE0164DFE73} = {5229F8AE-A505-4077-B6D3-5CE0164DFE73}
		{F038F0B5-67C7-4DA4-8E3C-C45AB1E4B352} = {F038F0B5-67C7-4DA4-8E3C-C45AB1E4B352}
		{5B2696C6-15EE-4D0D-8632-F209B5996F15} = {5B2696C6-15EE-4D0D-8632-F209B5996F15}
		{573EB1E4-7620-479E-8CCF-DEF06491545B} = {573EB1E4-7620-479E-8CCF-DEF06491545B}
	EndProjectSection
EndProject
Project("{2150E333-8FDC-42A3-9474-1A3956D46DE8}") = "Tools", "Tools", "{F6633ABA-28C2-4889-9823-D95727AD7F99}"
EndProject
Project("{2150E333-8FDC-42A3-9474-1A3956D46DE8}") = "Shared", "Shared", "{A40A22EC-AE22-4A23-B4E5-074CD7D740DD}"
EndProject
Project("{8BC9CEB8-8B4A-11D0-8D11-00A0C91BC942}") = "MasterServer", "Server\MasterServer\MasterServer.vcxproj", "{8636AF4D-BF84-45AC-BA69-3FC56F117ADB}"
	ProjectSection(ProjectDependencies) = postProject
		{04B8D510-B763-45D7-B13C-531BA7DCC3F4} = {04B8D510-B763-45D7-B13C-531BA7DCC3F4}
		{5CDC731A-4C57-4D49-A72A-911BA19C3C14} = {5CDC731A-4C57-4D49-A72A-911BA19C3C14}
		{6D76C448-B419-424F-AD6A-04041B1C2315} = {6D76C448-B419-424F-AD6A-04041B1C2315}
		{AA5DBD5C-A152-4C17-AF86-476F0931F6E4} = {AA5DBD5C-A152-4C17-AF86-476F0931F6E4}
		{5229F8AE-A505-4077-B6D3-5CE0164DFE73} = {5229F8AE-A505-4077-B6D3-5CE0164DFE73}
		{F038F0B5-67C7-4DA4-8E3C-C45AB1E4B352} = {F038F0B5-67C7-4DA4-8E3C-C45AB1E4B352}
		{573EB1E4-7620-479E-8CCF-DEF06491545B} = {573EB1E4-7620-479E-8CCF-DEF06491545B}
	EndProjectSection
EndProject
Project("{8BC9CEB8-8B4A-11D0-8D11-00A0C91BC942}") = "Database", "..\NtlLib\Server\Database\Database.vcxproj", "{5B2696C6-15EE-4D0D-8632-F209B5996F15}"
EndProject
Project("{8BC9CEB8-8B4A-11D0-8D11-00A0C91BC942}") = "NtlNetwork", "..\NtlLib\Server\NtlNetwork\NtlNetwork.vcxproj", "{5CDC731A-4C57-4D49-A72A-911BA19C3C14}"
EndProject
Project("{8BC9CEB8-8B4A-11D0-8D11-00A0C91BC942}") = "NtlSfx", "..\NtlLib\Server\NtlSfx\NtlSfx.vcxproj", "{F038F0B5-67C7-4DA4-8E3C-C45AB1E4B352}"
EndProject
Project("{8BC9CEB8-8B4A-11D0-8D11-00A0C91BC942}") = "NtlSystem", "..\NtlLib\Server\NtlSystem\NtlSystem.vcxproj", "{6D76C448-B419-424F-AD6A-04041B1C2315}"
EndProject
Project("{8BC9CEB8-8B4A-11D0-8D11-00A0C91BC942}") = "NtlThread", "..\NtlLib\Server\NtlThread\NtlThread.vcxproj", "{04B8D510-B763-45D7-B13C-531BA7DCC3F4}"
EndProject
Project("{8BC9CEB8-8B4A-11D0-8D11-00A0C91BC942}") = "servercommon", "..\NtlLib\Server\servercommon\servercommon.vcxproj", "{AA5DBD5C-A152-4C17-AF86-476F0931F6E4}"
EndProject
Project("{8BC9CEB8-8B4A-11D0-8D11-00A0C91BC942}") = "Lua", "..\NtlLib\Shared\Lua\Lua.vcxproj", "{F7291B35-71F2-47C4-AE77-F3C4AB3B43A0}"
EndProject
Project("{8BC9CEB8-8B4A-11D0-8D11-00A0C91BC942}") = "NtlNavi", "..\NtlLib\Shared\NtlNavi\NtlNavi.vcxproj", "{F402446F-1027-44E2-B78B-F50537CC3F08}"
EndProject
Project("{8BC9CEB8-8B4A-11D0-8D11-00A0C91BC942}") = "NtlXMLLoader", "..\NtlLib\Shared\NtlXMLLoader\NtlXMLLoader.vcxproj", "{9D941CAC-4183-44E3-AEC3-817C0A32D1DD}"
EndProject
Project("{8BC9CEB8-8B4A-11D0-8D11-00A0C91BC942}") = "Shared", "..\NtlLib\Shared\Shared.vcxproj", "{CA20DF85-070A-417D-BCD3-9374D4A69F5E}"
EndProject
Project("{2150E333-8FDC-42A3-9474-1A3956D46DE8}") = "DboShared", "DboShared", "{332D65A9-6202-400E-9AA9-A223C973327A}"
EndProject
Project("{8BC9CEB8-8B4A-11D0-8D11-00A0C91BC942}") = "DboTrigger", "..\DboShared\DboTrigger\DboTrigger.vcxproj", "{3BEE299B-D145-4030-81DD-D8B9ADE8B767}"
EndProject
Project("{8BC9CEB8-8B4A-11D0-8D11-00A0C91BC942}") = "NtlGameTable", "..\DboShared\NtlGameTable\NtlGameTable.vcxproj", "{9A4DC8E8-16EF-463B-8F14-77F447A782CC}"
EndProject
Project("{8BC9CEB8-8B4A-11D0-8D11-00A0C91BC942}") = "NtlShared", "..\DboShared\NtlShared2\NtlShared.vcxproj", "{573EB1E4-7620-479E-8CCF-DEF06491545B}"
EndProject
Project("{8BC9CEB8-8B4A-11D0-8D11-00A0C91BC942}") = "NtlTrigger", "..\NtlLib\Shared\NtlTrigger\NtlTrigger.vcxproj", "{31832309-D436-4C40-913D-87AAF73FFC99}"
EndProject
Project("{8BC9CEB8-8B4A-11D0-8D11-00A0C91BC942}") = "zlib", "..\NtlLib\Shared\Zip\zlib123\projects\zlib.vcxproj", "{9B2B6C11-764E-4D4B-8DB2-F91AC99E0B93}"
EndProject
Project("{8BC9CEB8-8B4A-11D0-8D11-00A0C91BC942}") = "Util", "..\NtlLib\Shared\Util\Util.vcxproj", "{5229F8AE-A505-4077-B6D3-5CE0164DFE73}"
EndProject
Global
	GlobalSection(SolutionConfigurationPlatforms) = preSolution
		Release|x64 = Release|x64
	EndGlobalSection
	GlobalSection(ProjectConfigurationPlatforms) = postSolution
		{6E8EE378-A6D4-4E42-B3FD-64F5C0CF924C}.Release|x64.ActiveCfg = Release|x64
		{6E8EE378-A6D4-4E42-B3FD-64F5C0CF924C}.Release|x64.Build.0 = Release|x64
		{B1E9738E-DA2E-4F88-ADF5-D3B1FC7B28D5}.Release|x64.ActiveCfg = Release|x64
		{B1E9738E-DA2E-4F88-ADF5-D3B1FC7B28D5}.Release|x64.Build.0 = Release|x64
		{1A199D98-9276-4827-BC18-53065B2FFEEB}.Release|x64.ActiveCfg = Release|x64
		{1A199D98-9276-4827-BC18-53065B2FFEEB}.Release|x64.Build.0 = Release|x64
		{7752DF80-46EF-4F55-81CE-2A77867F5DA5}.Release|x64.ActiveCfg = Release|x64
		{7752DF80-46EF-4F55-81CE-2A77867F5DA5}.Release|x64.Build.0 = Release|x64
		{15A09642-4E77-4DC1-8180-2A2390350F70}.Release|x64.ActiveCfg = Release|x64
		{15A09642-4E77-4DC1-8180-2A2390350F70}.Release|x64.Build.0 = Release|x64
		{8636AF4D-BF84-45AC-BA69-3FC56F117ADB}.Release|x64.ActiveCfg = Release|x64
		{8636AF4D-BF84-45AC-BA69-3FC56F117ADB}.Release|x64.Build.0 = Release|x64
		{5B2696C6-15EE-4D0D-8632-F209B5996F15}.Release|x64.ActiveCfg = Release|x64
		{5B2696C6-15EE-4D0D-8632-F209B5996F15}.Release|x64.Build.0 = Release|x64
		{5CDC731A-4C57-4D49-A72A-911BA19C3C14}.Release|x64.ActiveCfg = Release|x64
		{5CDC731A-4C57-4D49-A72A-911BA19C3C14}.Release|x64.Build.0 = Release|x64
		{F038F0B5-67C7-4DA4-8E3C-C45AB1E4B352}.Release|x64.ActiveCfg = Release|x64
		{F038F0B5-67C7-4DA4-8E3C-C45AB1E4B352}.Release|x64.Build.0 = Release|x64
		{6D76C448-B419-424F-AD6A-04041B1C2315}.Release|x64.ActiveCfg = Release|x64
		{6D76C448-B419-424F-AD6A-04041B1C2315}.Release|x64.Build.0 = Release|x64
		{04B8D510-B763-45D7-B13C-531BA7DCC3F4}.Release|x64.ActiveCfg = Release|x64
		{04B8D510-B763-45D7-B13C-531BA7DCC3F4}.Release|x64.Build.0 = Release|x64
		{AA5DBD5C-A152-4C17-AF86-476F0931F6E4}.Release|x64.ActiveCfg = Release|x64
		{AA5DBD5C-A152-4C17-AF86-476F0931F6E4}.Release|x64.Build.0 = Release|x64
		{F7291B35-71F2-47C4-AE77-F3C4AB3B43A0}.Release|x64.ActiveCfg = Release|x64
		{F7291B35-71F2-47C4-AE77-F3C4AB3B43A0}.Release|x64.Build.0 = Release|x64
		{F402446F-1027-44E2-B78B-F50537CC3F08}.Release|x64.ActiveCfg = Release|x64
		{F402446F-1027-44E2-B78B-F50537CC3F08}.Release|x64.Build.0 = Release|x64
		{9D941CAC-4183-44E3-AEC3-817C0A32D1DD}.Release|x64.ActiveCfg = Release|x64
		{9D941CAC-4183-44E3-AEC3-817C0A32D1DD}.Release|x64.Build.0 = Release|x64
		{CA20DF85-070A-417D-BCD3-9374D4A69F5E}.Release|x64.ActiveCfg = Release|x64
		{CA20DF85-070A-417D-BCD3-9374D4A69F5E}.Release|x64.Build.0 = Release|x64
		{3BEE299B-D145-4030-81DD-D8B9ADE8B767}.Release|x64.ActiveCfg = Release|x64
		{3BEE299B-D145-4030-81DD-D8B9ADE8B767}.Release|x64.Build.0 = Release|x64
		{9A4DC8E8-16EF-463B-8F14-77F447A782CC}.Release|x64.ActiveCfg = Release|x64
		{9A4DC8E8-16EF-463B-8F14-77F447A782CC}.Release|x64.Build.0 = Release|x64
		{573EB1E4-7620-479E-8CCF-DEF06491545B}.Release|x64.ActiveCfg = Release|x64
		{573EB1E4-7620-479E-8CCF-DEF06491545B}.Release|x64.Build.0 = Release|x64
		{31832309-D436-4C40-913D-87AAF73FFC99}.Release|x64.ActiveCfg = Release|x64
		{31832309-D436-4C40-913D-87AAF73FFC99}.Release|x64.Build.0 = Release|x64
		{9B2B6C11-764E-4D4B-8DB2-F91AC99E0B93}.Release|x64.ActiveCfg = Release|x64
		{9B2B6C11-764E-4D4B-8DB2-F91AC99E0B93}.Release|x64.Build.0 = Release|x64
		{5229F8AE-A505-4077-B6D3-5CE0164DFE73}.Release|x64.ActiveCfg = Release|x64
		{5229F8AE-A505-4077-B6D3-5CE0164DFE73}.Release|x64.Build.0 = Release|x64
	EndGlobalSection
	GlobalSection(SolutionProperties) = preSolution
		HideSolutionNode = FALSE
	EndGlobalSection
	GlobalSection(NestedProjects) = preSolution
		{6E8EE378-A6D4-4E42-B3FD-64F5C0CF924C} = {CBDACD13-C8CA-4062-AAAB-0D699F60600A}
		{B1E9738E-DA2E-4F88-ADF5-D3B1FC7B28D5} = {CBDACD13-C8CA-4062-AAAB-0D699F60600A}
		{1A199D98-9276-4827-BC18-53065B2FFEEB} = {CBDACD13-C8CA-4062-AAAB-0D699F60600A}
		{7752DF80-46EF-4F55-81CE-2A77867F5DA5} = {CBDACD13-C8CA-4062-AAAB-0D699F60600A}
		{15A09642-4E77-4DC1-8180-2A2390350F70} = {CBDACD13-C8CA-4062-AAAB-0D699F60600A}
		{8636AF4D-BF84-45AC-BA69-3FC56F117ADB} = {CBDACD13-C8CA-4062-AAAB-0D699F60600A}
		{5B2696C6-15EE-4D0D-8632-F209B5996F15} = {FAFA667A-2ECD-4B25-8A24-D5027142E1FA}
		{5CDC731A-4C57-4D49-A72A-911BA19C3C14} = {FAFA667A-2ECD-4B25-8A24-D5027142E1FA}
		{F038F0B5-67C7-4DA4-8E3C-C45AB1E4B352} = {FAFA667A-2ECD-4B25-8A24-D5027142E1FA}
		{6D76C448-B419-424F-AD6A-04041B1C2315} = {FAFA667A-2ECD-4B25-8A24-D5027142E1FA}
		{04B8D510-B763-45D7-B13C-531BA7DCC3F4} = {FAFA667A-2ECD-4B25-8A24-D5027142E1FA}
		{AA5DBD5C-A152-4C17-AF86-476F0931F6E4} = {FAFA667A-2ECD-4B25-8A24-D5027142E1FA}
		{F7291B35-71F2-47C4-AE77-F3C4AB3B43A0} = {A40A22EC-AE22-4A23-B4E5-074CD7D740DD}
		{F402446F-1027-44E2-B78B-F50537CC3F08} = {A40A22EC-AE22-4A23-B4E5-074CD7D740DD}
		{9D941CAC-4183-44E3-AEC3-817C0A32D1DD} = {A40A22EC-AE22-4A23-B4E5-074CD7D740DD}
		{CA20DF85-070A-417D-BCD3-9374D4A69F5E} = {A40A22EC-AE22-4A23-B4E5-074CD7D740DD}
		{3BEE299B-D145-4030-81DD-D8B9ADE8B767} = {332D65A9-6202-400E-9AA9-A223C973327A}
		{9A4DC8E8-16EF-463B-8F14-77F447A782CC} = {332D65A9-6202-400E-9AA9-A223C973327A}
		{573EB1E4-7620-479E-8CCF-DEF06491545B} = {332D65A9-6202-400E-9AA9-A223C973327A}
		{31832309-D436-4C40-913D-87AAF73FFC99} = {A40A22EC-AE22-4A23-B4E5-074CD7D740DD}
		{9B2B6C11-764E-4D4B-8DB2-F91AC99E0B93} = {A40A22EC-AE22-4A23-B4E5-074CD7D740DD}
		{5229F8AE-A505-4077-B6D3-5CE0164DFE73} = {A40A22EC-AE22-4A23-B4E5-074CD7D740DD}
	EndGlobalSection
	GlobalSection(ExtensibilityGlobals) = postSolution
		SolutionGuid = {4AE1B899-4E5C-4DE6-9202-B38FAD897664}
	EndGlobalSection
EndGlobal
